hash: e3d8c5290257c91027981a30769d32a844eb6da0b7f565ceae630107a8d3e01c
updated: 2016-09-28T20:49:59.977724678+02:00
imports:
- name: github.com/cloudfoundry-incubator/candiedyaml
  version: 99c3df83b51532e3615f851d8c2dbb638f5313bf
- name: github.com/containers/image
  version: c9ae51ba8ca297e3ed9c99a19a43a77b491427c7
  subpackages:
  - docker
  - signature
  - manifest
  - docker/policyconfiguration
  - image
  - types
  - transports
  - version
  - directory
  - oci/layout
  - openshift
  - directory/explicitfilepath
- name: github.com/coreos/go-systemd
  version: b4a58d95188dd092ae20072bac14cece0e67c388
  subpackages:
  - activation
  - dbus
  - util
- name: github.com/docker/distribution
  version: 12acdf0a6c1e56d965ac6eb395d2bce687bf22fc
  subpackages:
  - reference
  - digest
  - context
  - uuid
- name: github.com/docker/docker
  version: 45bed2cc80c242936d94817644783c997ee4c033
  subpackages:
  - api
  - reference
  - pkg/homedir
  - pkg/ioutils
  - pkg/system
  - image
  - image/v1
  - pkg/authorization
  - pkg/longpath
  - layer
  - pkg/plugins
  - daemon/graphdriver
  - pkg/archive
  - pkg/idtools
  - pkg/stringid
  - pkg/plugins/transport
  - pkg/chrootarchive
  - pkg/mount
  - pkg/fileutils
  - pkg/pools
  - pkg/promise
  - pkg/random
  - pkg/reexec
- name: github.com/docker/engine-api
  version: 3d1601b9d2436a70b0dfc045a23f6503d19195df
  subpackages:
  - client
  - types
  - client/transport
  - client/transport/cancellable
  - types/container
  - types/filters
  - types/network
  - types/reference
  - types/registry
  - types/swarm
  - types/time
  - types/versions
  - types/blkiodev
  - types/strslice
- name: github.com/docker/go-connections
  version: 988efe982fdecb46f01d53465878ff1f2ff411ce
  subpackages:
  - sockets
  - tlsconfig
  - nat
- name: github.com/docker/go-plugins-helpers
  version: 8f6a7e66062c5a7d19174e8ecfbe1befbb38b676
  subpackages:
  - authorization
  - sdk
- name: github.com/docker/go-units
  version: f2145db703495b2e525c59662db69a7344b00bb8
- name: github.com/docker/libtrust
  version: fa567046d9b14f6aa788882a950d69651d230b21
- name: github.com/ghodss/yaml
  version: aa0c862057666179de291b67d9f093d12b5a8473
- name: github.com/golang/glog
  version: 44145f04b68cf362d9c4df2182967c2275eaefed
- name: github.com/gorilla/context
  version: 14f550f51af52180c2eefed15e5fd18d63c0a64a
- name: github.com/gorilla/mux
  version: e444e69cbd2e2e3e0749a2f3c717cec491552bbf
- name: github.com/imdario/mergo
  version: 50d4dbd4eb0e84778abe37cefef140271d96fade
- name: github.com/Microsoft/go-winio
  version: ce2922f643c8fd76b46cadc7f404a06282678b34
- name: github.com/mtrmac/gpgme
  version: 7486dcd030936581e863bb69602ef411920d7fc9
- name: github.com/opencontainers/image-spec
  version: 0e2b3f183296b0dabf6ade381ca35d7ca4c3bfd1
  subpackages:
  - specs-go/v1
  - specs-go
- name: github.com/opencontainers/runc
  version: b3833a00e6d1709204ca1ff5fb5fc2284d42a129
  subpackages:
  - libcontainer/user
- name: github.com/Sirupsen/logrus
  version: 4b6ea7319e214d98c938f12692336f7ca9348d6b
- name: github.com/vbatts/tar-split
  version: bd4c5d64c3e9297f410025a3b1bd0c58f659e721
  subpackages:
  - tar/asm
  - tar/storage
  - archive/tar
- name: golang.org/x/net
  version: 4876518f9e71663000c348837735820161a42df7
  subpackages:
  - context
  - context/ctxhttp
  - http2
  - http2/hpack
  - internal/timeseries
  - trace
  - proxy
- name: golang.org/x/sys
  version: 8f0908ab3b2457e2e15403d3697c9ef5cb4b57a9
  subpackages:
  - unix
  - windows
- name: gopkg.in/yaml.v2
  version: bef53efd0c76e49e6de55ead051f886bea7e9420
- name: k8s.io/kubernetes
  version: 11c532075054118d647250c4b4d5542a9ee7c937
  subpackages:
  - pkg/util/errors
  - pkg/util/homedir
  - pkg/util/net
  - pkg/util/sets
testImports: []
